{
  "name": "playwright-agent",
  "version": "1.0.0",
  "lockfileVersion": 3,
  "requires": true,
  "packages": {
    "": {
      "name": "playwright-agent",
      "version": "1.0.0",
      "dependencies": {
        "@aws-sdk/client-bedrock-runtime": "^3.600.0",
        "@aws-sdk/client-dynamodb": "^3.600.0"
      },
      "devDependencies": {
        "@types/aws-lambda": "^8.10.140",
        "@types/node": "^20.0.0",
        "typescript": "~5.4.0"
      }
    },
    "node_modules/@aws-crypto/crc32": {
      "version": "5.2.0",
      "resolved": "https://registry.npmjs.org/@aws-crypto/crc32/-/crc32-5.2.0.tgz",
      "integrity": "sha512-nLbCWqQNgUiwwtFsen1AdzAtvuLRsQS8rYgMuxCrdKf9kOssamGLuPwyTY9wyYblNr9+1XM8v6zoDTPPSIeANg==",
      "dependencies": {
        "@aws-crypto/util": "^5.2.0",
        "@aws-sdk/types": "^3.222.0",
        "tslib": "^2.6.2"
      },
      "engines": {
        "node": ">=16.0.0"
      }
    },
    "node_modules/@aws-crypto/sha256-browser": {
      "version": "5.2.0",
      "resolved": "https://registry.npmjs.org/@aws-crypto/sha256-browser/-/sha256-browser-5.2.0.tgz",
      "integrity": "sha512-AXfN/lGotSQwu6HNcEsIASo7kWXZ5HYWvfOmSNKDsEqC4OashTp8alTmaz+F7TC2L083SFv5RdB+qU3Vs1kZqw==",
      "dependencies": {
        "@aws-crypto/sha256-js": "^5.2.0",
        "@aws-crypto/supports-web-crypto": "^5.2.0",
        "@aws-crypto/util": "^5.2.0",
        "@aws-sdk/types": "^3.222.0",
        "@aws-sdk/util-locate-window": "^3.0.0",
        "@smithy/util-utf8": "^2.0.0",
        "tslib": "^2.6.2"
      }
    },
    "node_modules/@aws-crypto/sha256-js": {
      "version": "5.2.0",
      "resolved": "https://registry.npmjs.org/@aws-crypto/sha256-js/-/sha256-js-5.2.0.tgz",
      "integrity": "sha512-FFQQyu7edu4ufvIZ+OadFpHHOt+eSTBaYaki44c+akjg7qZg9oOQeLlk77F6tSYqjDAFClrHJk9tMf0HdVyOvA==",
      "dependencies": {
        "@aws-crypto/util": "^5.2.0",
        "@aws-sdk/types": "^3.222.0",
        "tslib": "^2.6.2"
      },
      "engines": {
        "node": ">=16.0.0"
      }
    },
    "node_modules/@aws-crypto/supports-web-crypto": {
      "version": "5.2.0",
      "resolved": "https://registry.npmjs.org/@aws-crypto/supports-web-crypto/-/supports-web-crypto-5.2.0.tgz",
      "integrity": "sha512-iAvUotm021kM33eCdNfwIN//F77/IADDSs58i+MDaOqFrVjZo9bAal0NK7HurRuWLLpF1iLX7gbWrjHjeo+YFg==",
      "dependencies": {
        "tslib": "^2.6.2"
      }
    },
    "node_modules/@aws-crypto/util": {
      "version": "5.2.0",
      "resolved": "https://registry.npmjs.org/@aws-crypto/util/-/util-5.2.0.tgz",
      "integrity": "sha512-4RkU9EsI6ZpBve5fseQlGNUWKMa1RLPQ1dnjnQoe07ldfIzcsGb5hC5W0Dm7u423KWzawlrpbjXBrXCEv9zazQ==",
      "dependencies": {
        "@aws-sdk/types": "^3.222.0",
        "@smithy/util-utf8": "^2.0.0",
        "tslib": "^2.6.2"
      }
    },
    "node_modules/@aws-sdk/client-bedrock-runtime": {
      "version": "3.1073.0",
      "resolved": "https://registry.npmjs.org/@aws-sdk/client-bedrock-runtime/-/client-bedrock-runtime-3.1073.0.tgz",
      "integrity": "sha512-Vecj8r9/KIh/Nu9T7CRoCw5EBqnmAa9Q+Iwi5J5Mr0IEBMH6KUoOgAjayfyEZjvvZTllLJ2dOAx5cYeIz8QD6A==",
      "dependencies": {
        "@aws-crypto/sha256-browser": "5.2.0",
        "@aws-crypto/sha256-js": "5.2.0",
        "@aws-sdk/core": "^3.974.22",
        "@aws-sdk/credential-provider-node": "^3.972.57",
        "@aws-sdk/eventstream-handler-node": "^3.972.22",
        "@aws-sdk/middleware-eventstream": "^3.972.18",
        "@aws-sdk/middleware-websocket": "^3.972.30",
        "@aws-sdk/token-providers": "3.1073.0",
        "@aws-sdk/types": "^3.973.13",
        "@smithy/core": "^3.24.6",
        "@smithy/fetch-http-handler": "^5.4.6",
        "@smithy/node-http-handler": "^4.7.6",
        "@smithy/types": "^4.14.3",
        "tslib": "^2.6.2"
      },
      "engines": {
        "node": ">=20.0.0"
      }
    },
    "node_modules/@aws-sdk/client-dynamodb": {
      "version": "3.1073.0",
      "resolved": "https://registry.npmjs.org/@aws-sdk/client-dynamodb/-/client-dynamodb-3.1073.0.tgz",
      "integrity": "sha512-2GUPeI0drcms+LOoSC2DfVLCUWQxjjUm4jN08MrVh40XnIRQZ9PxCjFCqAj6yMRXPAzze925MMXEXBQC7IS6jw==",
      "dependencies": {
        "@aws-crypto/sha256-browser": "5.2.0",
        "@aws-crypto/sha256-js": "5.2.0",
        "@aws-sdk/core": "^3.974.22",
        "@aws-sdk/credential-provider-node": "^3.972.57",
        "@aws-sdk/dynamodb-codec": "^3.973.22",
        "@aws-sdk/middleware-endpoint-discovery": "^3.972.19",
        "@aws-sdk/types": "^3.973.13",
        "@smithy/core": "^3.24.6",
        "@smithy/fetch-http-handler": "^5.4.6",
        "@smithy/node-http-handler": "^4.7.6",
        "@smithy/types": "^4.14.3",
        "tslib": "^2.6.2"
      },
      "engines": {
        "node": ">=20.0.0"
      }
    },
    "node_modules/@aws-sdk/core": {
      "version": "3.974.22",
      "resolved": "https://registry.npmjs.org/@aws-sdk/core/-/core-3.974.22.tgz",
      "integrity": "sha512-YofH63shc6YRdXjz80BJkpJW+Bkn0Cuu2dn4Rv7s9G2Idt58tgtzQEWxrR2xVljlVfIBeUjPuULnSVYLke3sUQ==",
      "dependencies": {
        "@aws-sdk/types": "^3.973.13",
        "@aws-sdk/xml-builder": "^3.972.30",
        "@aws/lambda-invoke-store": "^0.2.2",
        "@smithy/core": "^3.24.6",
        "@smithy/signature-v4": "^5.4.6",
        "@smithy/types": "^4.14.3",
        "bowser": "^2.11.0",
        "tslib": "^2.6.2"
      },
      "engines": {
        "node": ">=20.0.0"
      }
    },
    "node_modules/@aws-sdk/credential-provider-env": {
      "version": "3.972.48",
      "resolved": "https://registry.npmjs.org/@aws-sdk/credential-provider-env/-/credential-provider-env-3.972.48.tgz",
      "integrity": "sha512-h6FEC95fbexUd6zxm4PdgS82bTcI2PRtUb2ZwMipb/Xr8bPwtf0G8rBo2jp7NA24Mbx2JA8/WingiYpA9RCCyw==",
      "dependencies": {
        "@aws-sdk/core": "^3.974.22",
        "@aws-sdk/types": "^3.973.13",
        "@smithy/core": "^3.24.6",
        "@smithy/types": "^4.14.3",
        "tslib": "^2.6.2"
      },
      "engines": {
        "node": ">=20.0.0"
      }
    },
    "node_modules/@aws-sdk/credential-provider-http": {
      "version": "3.972.50",
      "resolved": "https://registry.npmjs.org/@aws-sdk/credential-provider-http/-/credential-provider-http-3.972.50.tgz",
      "integrity": "sha512-lJO3OLpjvz5m/RSBQmsG/CEUGsvCy5ruxKwPQaOCqxqCMuyYT2BZwQUTDZVVwqQ9LrZKuK24JSa6r31hL/tvkg==",
      "dependencies": {
        "@aws-sdk/core": "^3.974.22",
        "@aws-sdk/types": "^3.973.13",
        "@smithy/core": "^3.24.6",
        "@smithy/fetch-http-handler": "^5.4.6",
        "@smithy/node-http-handler": "^4.7.6",
        "@smithy/types": "^4.14.3",
        "tslib": "^2.6.2"
      },
      "engines": {
        "node": ">=20.0.0"
      }
    },
    "node_modules/@aws-sdk/credential-provider-ini": {
      "version": "3.972.55",
      "resolved": "https://registry.npmjs.org/@aws-sdk/credential-provider-ini/-/credential-provider-ini-3.972.55.tgz",
      "integrity": "sha512-TBoF4buBGYhXjdZAryayY2TrkQj2B2KfE/msG4V53XCt+w0EhEwM2JRjx8p2grJ2C6gtH5++SAwEvGMRdi0yyw==",
      "dependencies": {
        "@aws-sdk/core": "^3.974.22",
        "@aws-sdk/credential-provider-env": "^3.972.48",
        "@aws-sdk/credential-provider-http": "^3.972.50",
        "@aws-sdk/credential-provider-login": "^3.972.54",
        "@aws-sdk/credential-provider-process": "^3.972.48",
        "@aws-sdk/credential-provider-sso": "^3.972.54",
        "@aws-sdk/credential-provider-web-identity": "^3.972.54",
        "@aws-sdk/nested-clients": "^3.997.22",
        "@aws-sdk/types": "^3.973.13",
        "@smithy/core": "^3.24.6",
        "@smithy/credential-provider-imds": "^4.3.7",
        "@smithy/types": "^4.14.3",
        "tslib": "^2.6.2"
      },
      "engines": {
        "node": ">=20.0.0"
      }
    },
    "node_modules/@aws-sdk/credential-provider-login": {
      "version": "3.972.54",
      "resolved": "https://registry.npmjs.org/@aws-sdk/credential-provider-login/-/credential-provider-login-3.972.54.tgz",
      "integrity": "sha512-hBWI3wZTdTGiuMfmPts6AWbAjFfRniOQnqx68tc2cQvRKWawFbN9wkLOVPWM1FAOyowZU73mC6Fi+rHSHNyLFw==",
      "dependencies": {
        "@aws-sdk/core": "^3.974.22",
        "@aws-sdk/nested-clients": "^3.997.22",
        "@aws-sdk/types": "^3.973.13",
        "@smithy/core": "^3.24.6",
        "@smithy/types": "^4.14.3",
        "tslib": "^2.6.2"
      },
      "engines": {
        "node": ">=20.0.0"
      }
    },
    "node_modules/@aws-sdk/credential-provider-node": {
      "version": "3.972.57",
      "resolved": "https://registry.npmjs.org/@aws-sdk/credential-provider-node/-/credential-provider-node-3.972.57.tgz",
      "integrity": "sha512-u6dClpzNdWf1HGWz4wwhdXi1wiOofCLniM9S4BQQGlLAN9TW7VB+ld5V533GdKrYMaFeBGFqKnj0JCYvynLqwQ==",
      "dependencies": {
        "@aws-sdk/credential-provider-env": "^3.972.48",
        "@aws-sdk/credential-provider-http": "^3.972.50",
        "@aws-sdk/credential-provider-ini": "^3.972.55",
        "@aws-sdk/credential-provider-process": "^3.972.48",
        "@aws-sdk/credential-provider-sso": "^3.972.54",
        "@aws-sdk/credential-provider-web-identity": "^3.972.54",
        "@aws-sdk/types": "^3.973.13",
        "@smithy/core": "^3.24.6",
        "@smithy/credential-provider-imds": "^4.3.7",
        "@smithy/types": "^4.14.3",
        "tslib": "^2.6.2"
      },
      "engines": {
        "node": ">=20.0.0"
      }
    },
    "node_modules/@aws-sdk/credential-provider-process": {
      "version": "3.972.48",
      "resolved": "https://registry.npmjs.org/@aws-sdk/credential-provider-process/-/credential-provider-process-3.972.48.tgz",
      "integrity": "sha512-w6VZwojPt12WnEkAUy6Nu4K6sWCbBmR7QX390b0nE6vRvkXbrYr9Lq9VySGkfjiMjpUA87op+J4EgvRmtWIDoQ==",
      "dependencies": {
        "@aws-sdk/core": "^3.974.22",
        "@aws-sdk/types": "^3.973.13",
        "@smithy/core": "^3.24.6",
        "@smithy/types": "^4.14.3",
        "tslib": "^2.6.2"
      },
      "engines": {
        "node": ">=20.0.0"
      }
    },
    "node_modules/@aws-sdk/credential-provider-sso": {
      "version": "3.972.54",
      "resolved": "https://registry.npmjs.org/@aws-sdk/credential-provider-sso/-/credential-provider-sso-3.972.54.tgz",
      "integrity": "sha512-23uZpIpF2SIFDCa1fcWa202tK4gGeyvX6GIIAjiB8WBsvsVRBMnJ/7dCxHzxf7eZT7GToJg837LDIBnZsl/VUg==",
      "dependencies": {
        "@aws-sdk/core": "^3.974.22",
        "@aws-sdk/nested-clients": "^3.997.22",
        "@aws-sdk/token-providers": "3.1071.0",
        "@aws-sdk/types": "^3.973.13",
        "@smithy/core": "^3.24.6",
        "@smithy/types": "^4.14.3",
        "tslib": "^2.6.2"
      },
      "engines": {
        "node": ">=20.0.0"
      }
    },
    "node_modules/@aws-sdk/credential-provider-sso/node_modules/@aws-sdk/token-providers": {
      "version": "3.1071.0",
      "resolved": "https://registry.npmjs.org/@aws-sdk/token-providers/-/token-providers-3.1071.0.tgz",
      "integrity": "sha512-4LDW2Qob6LoLFuqYSYZq2AyTE9koSE9+i+n5UZcm10GpmQOK0zRD9L4uYlzItiTKksIWgC/qMFChAi3RvKYtMg==",
      "dependencies": {
        "@aws-sdk/core": "^3.974.22",
        "@aws-sdk/nested-clients": "^3.997.22",
        "@aws-sdk/types": "^3.973.13",
        "@smithy/core": "^3.24.6",
        "@smithy/types": "^4.14.3",
        "tslib": "^2.6.2"
      },
      "engines": {
        "node": ">=20.0.0"
      }
    },
    "node_modules/@aws-sdk/credential-provider-web-identity": {
      "version": "3.972.54",
      "resolved": "https://registry.npmjs.org/@aws-sdk/credential-provider-web-identity/-/credential-provider-web-identity-3.972.54.tgz",
      "integrity": "sha512-0Iv5QttS6wcATlodYKgvQj6B9Db51rx7NU9fqu0PoLeS4BIgdYMc/QK4smwLwpm5RFrs02V/eLyEFp3FklvlNQ==",
      "dependencies": {
        "@aws-sdk/core": "^3.974.22",
        "@aws-sdk/nested-clients": "^3.997.22",
        "@aws-sdk/types": "^3.973.13",
        "@smithy/core": "^3.24.6",
        "@smithy/types": "^4.14.3",
        "tslib": "^2.6.2"
      },
      "engines": {
        "node": ">=20.0.0"
      }
    },
    "node_modules/@aws-sdk/dynamodb-codec": {
      "version": "3.973.22",
      "resolved": "https://registry.npmjs.org/@aws-sdk/dynamodb-codec/-/dynamodb-codec-3.973.22.tgz",
      "integrity": "sha512-QBs7/nWHsPA0wTEqhU5iPgaDjeZzQHhmwJr6Q0f56rW3Fk8ExJQgXFzEg/l48iDwJVUIMLjPqhw7dNP3cShUxA==",
      "dependencies": {
        "@aws-sdk/core": "^3.974.22",
        "@smithy/core": "^3.24.6",
        "@smithy/types": "^4.14.3",
        "tslib": "^2.6.2"
      },
      "engines": {
        "node": ">=20.0.0"
      }
    },
    "node_modules/@aws-sdk/endpoint-cache": {
      "version": "3.972.8",
      "resolved": "https://registry.npmjs.org/@aws-sdk/endpoint-cache/-/endpoint-cache-3.972.8.tgz",
      "integrity": "sha512-bBmkG0Dnhfq0/T4Z0PpUr7HkncBVaWvvCbvafeaUM+yC9wa8GGjLJmonq0QL17REB9WivgGeYgWQ5A80Uw5UnQ==",
      "dependencies": {
        "mnemonist": "0.38.3",
        "tslib": "^2.6.2"
      },
      "engines": {
        "node": ">=20.0.0"
      }
    },
    "node_modules/@aws-sdk/eventstream-handler-node": {
      "version": "3.972.22",
      "resolved": "https://registry.npmjs.org/@aws-sdk/eventstream-handler-node/-/eventstream-handler-node-3.972.22.tgz",
      "integrity": "sha512-tqPJv0dz4+O0hWGm1a6YekcMZyPhDFs/zH73Von7icaVT5n0Jqvm86typ3jRrG+qoUdPhALOnboRLTmnWQTlYQ==",
      "dependencies": {
        "@aws-sdk/types": "^3.973.13",
        "@smithy/core": "^3.24.6",
        "@smithy/types": "^4.14.3",
        "tslib": "^2.6.2"
      },
      "engines": {
        "node": ">=20.0.0"
      }
    },
    "node_modules/@aws-sdk/middleware-endpoint-discovery": {
      "version": "3.972.19",
      "resolved": "https://registry.npmjs.org/@aws-sdk/middleware-endpoint-discovery/-/middleware-endpoint-discovery-3.972.19.tgz",
      "integrity": "sha512-FMgyzUq3Jh+ONRYxryBRNdBd+FUX8PwRl07ccQknNdoms6KCeAEusCkl6whqpDrPQ6OH0ddeSifKyqYSs2DLIw==",
      "dependencies": {
        "@aws-sdk/endpoint-cache": "^3.972.8",
        "@aws-sdk/types": "^3.973.13",
        "@smithy/core": "^3.24.6",
        "@smithy/types": "^4.14.3",
        "tslib": "^2.6.2"
      },
      "engines": {
        "node": ">=20.0.0"
      }
    },
    "node_modules/@aws-sdk/middleware-eventstream": {
      "version": "3.972.18",
      "resolved": "https://registry.npmjs.org/@aws-sdk/middleware-eventstream/-/middleware-eventstream-3.972.18.tgz",
      "integrity": "sha512-OHpk8YoZi3yexPq8aFt1vN1IxA2zLKvsIR5GpWYylX/ve6kQmY7wxHNSFy/D3t2apMZ16rs76Co4dJWcDyIk3A==",
      "dependencies": {
        "@aws-sdk/types": "^3.973.13",
        "@smithy/core": "^3.24.6",
        "@smithy/types": "^4.14.3",
        "tslib": "^2.6.2"
      },
      "engines": {
        "node": ">=20.0.0"
      }
    },
    "node_modules/@aws-sdk/middleware-websocket": {
      "version": "3.972.30",
      "resolved": "https://registry.npmjs.org/@aws-sdk/middleware-websocket/-/middleware-websocket-3.972.30.tgz",
      "integrity": "sha512-kH6N4f/Fzi9r/dYap8EQ+Zk4NOz8pl4AtWKhzAoG2C1/4YkIHok9APp/e+75woreWQq264n+LkrJsJVZ0Q+M1Q==",
      "dependencies": {
        "@aws-sdk/core": "^3.974.22",
        "@aws-sdk/types": "^3.973.13",
        "@smithy/core": "^3.24.6",
        "@smithy/fetch-http-handler": "^5.4.6",
        "@smithy/signature-v4": "^5.4.6",
        "@smithy/types": "^4.14.3",
        "tslib": "^2.6.2"
      },
      "engines": {
        "node": ">= 14.0.0"
      }
    },
    "node_modules/@aws-sdk/nested-clients": {
      "version": "3.997.22",
      "resolved": "https://registry.npmjs.org/@aws-sdk/nested-clients/-/nested-clients-3.997.22.tgz",
      "integrity": "sha512-4IwtcYSxEIVw5hcp8ogq0CMbFNZFw7jJUetpfFUhFFeqsa1K8j2Ihg2hnxLyOp3stMZnXda6VzOmPi1AFZQXcg==",
      "dependencies": {
        "@aws-crypto/sha256-browser": "5.2.0",
        "@aws-crypto/sha256-js": "5.2.0",
        "@aws-sdk/core": "^3.974.22",
        "@aws-sdk/signature-v4-multi-region": "^3.996.35",
        "@aws-sdk/types": "^3.973.13",
        "@smithy/core": "^3.24.6",
        "@smithy/fetch-http-handler": "^5.4.6",
        "@smithy/node-http-handler": "^4.7.6",
        "@smithy/types": "^4.14.3",
        "tslib": "^2.6.2"
      },
      "engines": {
        "node": ">=20.0.0"
      }
    },
    "node_modules/@aws-sdk/signature-v4-multi-region": {
      "version": "3.996.35",
      "resolved": "https://registry.npmjs.org/@aws-sdk/signature-v4-multi-region/-/signature-v4-multi-region-3.996.35.tgz",
      "integrity": "sha512-6L/VWs+Wch2stHemCGTmUNqKLMzURxQDK5boNG3Jn3kAOp71meDUuS5sbObpEvFxHDq0uWeSLFDNSYsjNt+Dlg==",
      "dependencies": {
        "@aws-sdk/types": "^3.973.13",
        "@smithy/signature-v4": "^5.4.6",
        "@smithy/types": "^4.14.3",
        "tslib": "^2.6.2"
      },
      "engines": {
        "node": ">=20.0.0"
      }
    },
    "node_modules/@aws-sdk/token-providers": {
      "version": "3.1073.0",
      "resolved": "https://registry.npmjs.org/@aws-sdk/token-providers/-/token-providers-3.1073.0.tgz",
      "integrity": "sha512-Tolawuc3I9Q6pElcqoBQMLCiCOfKn3eqG4oNIRci4BurhsrJmzXkhF3N+6LRXJrWYFtJKfTkBuLbYCLr8+pwig==",
      "dependencies": {
        "@aws-sdk/core": "^3.974.22",
        "@aws-sdk/nested-clients": "^3.997.22",
        "@aws-sdk/types": "^3.973.13",
        "@smithy/core": "^3.24.6",
        "@smithy/types": "^4.14.3",
        "tslib": "^2.6.2"
      },
      "engines": {
        "node": ">=20.0.0"
      }
    },
    "node_modules/@aws-sdk/types": {
      "version": "3.973.13",
      "resolved": "https://registry.npmjs.org/@aws-sdk/types/-/types-3.973.13.tgz",
      "integrity": "sha512-pEHZqRkAlHfnfAU9tK+WpKv/gBNjGJrHMgA3A0iYRGyswBS2t0pfez+lWlwktb3Bqa0ovh7w/QJTFwp3fDxLNg==",
      "dependencies": {
        "@smithy/types": "^4.14.3",
        "tslib": "^2.6.2"
      },
      "engines": {
        "node": ">=20.0.0"
      }
    },
    "node_modules/@aws-sdk/util-locate-window": {
      "version": "3.965.8",
      "resolved": "https://registry.npmjs.org/@aws-sdk/util-locate-window/-/util-locate-window-3.965.8.tgz",
      "integrity": "sha512-uUbMs1cBZPafD0ohUj6EwNf0fPZ534NvBxHox4hjX+0Rxq5paSYUem7+hi833pYrzrcnBATKIYpR02MDXT5M9g==",
      "dependencies": {
        "tslib": "^2.6.2"
      },
      "engines": {
        "node": ">=20.0.0"
      }
    },
    "node_modules/@aws-sdk/xml-builder": {
      "version": "3.972.30",
      "resolved": "https://registry.npmjs.org/@aws-sdk/xml-builder/-/xml-builder-3.972.30.tgz",
      "integrity": "sha512-StElZPEoBquWwNqw1AcfpzEyZqJvFxouG+mpDNYlcH6ZOrqd2CuIryv+8LV8gNHZUOyKyJF3Dq9vxaXEmDR9TQ==",
      "dependencies": {
        "@smithy/types": "^4.14.3",
        "fast-xml-parser": "5.7.3",
        "tslib": "^2.6.2"
      },
      "engines": {
        "node": ">=20.0.0"
      }
    },
    "node_modules/@aws/lambda-invoke-store": {
      "version": "0.2.4",
      "resolved": "https://registry.npmjs.org/@aws/lambda-invoke-store/-/lambda-invoke-store-0.2.4.tgz",
      "integrity": "sha512-iY8yvjE0y651BixKNPgmv1WrQc+GZ142sb0z4gYnChDDY2YqI4P/jsSopBWrKfAt7LOJAkOXt7rC/hms+WclQQ==",
      "engines": {
        "node": ">=18.0.0"
      }
    },
    "node_modules/@nodable/entities": {
      "version": "2.2.0",
      "resolved": "https://registry.npmjs.org/@nodable/entities/-/entities-2.2.0.tgz",
      "integrity": "sha512-9uGyhaQavEUMC8AIddIjau4NsnsXhou+j5sBAGojCM1oxmQpVKTWR/9JxABD6UAv12vpIms55fPZKFQEhG6uBg==",
      "funding": [
        {
          "type": "github",
          "url": "https://github.com/sponsors/nodable"
        }
      ]
    },
    "node_modules/@smithy/core": {
      "version": "3.25.1",
      "resolved": "https://registry.npmjs.org/@smithy/core/-/core-3.25.1.tgz",
      "integrity": "sha512-zpDbpXBCBsxfLtG2GEUyfgvHvSFrw5CwDZSNzL0v52gx/c3oPlPbm+7W7num8xs6vyiUBn+bvYPHcQDOXZynCQ==",
      "dependencies": {
        "@aws-crypto/crc32": "5.2.0",
        "@smithy/types": "^4.15.0",
        "tslib": "^2.6.2"
      },
      "engines": {
        "node": ">=18.0.0"
      }
    },
    "node_modules/@smithy/credential-provider-imds": {
      "version": "4.4.1",
      "resolved": "https://registry.npmjs.org/@smithy/credential-provider-imds/-/credential-provider-imds-4.4.1.tgz",
      "integrity": "sha512-TSAF5NHgxEsllbErYWbK8aLnl5L601NGc5VYJlSPsKnf3YlkhdoBN+geGcaU00oiw2OK3QO5LA3QNXiiWhCidQ==",
      "dependencies": {
        "@smithy/core": "^3.25.1",
        "@smithy/types": "^4.15.0",
        "tslib": "^2.6.2"
      },
      "engines": {
        "node": ">=18.0.0"
      }
    },
    "node_modules/@smithy/fetch-http-handler": {
      "version": "5.5.1",
      "resolved": "https://registry.npmjs.org/@smithy/fetch-http-handler/-/fetch-http-handler-5.5.1.tgz",
      "integrity": "sha512-96JrD1q71anokymx9Iblb+zKmNQYNstlV/25A9ZYIJ2A0rp1r7/GZAIm0bDWSmVvz3DpNOCZuabzsiL+w0UHhw==",
      "dependencies": {
        "@smithy/core": "^3.25.1",
        "@smithy/types": "^4.15.0",
        "tslib": "^2.6.2"
      },
      "engines": {
        "node": ">=18.0.0"
      }
    },
    "node_modules/@smithy/is-array-buffer": {
      "version": "2.2.0",
      "resolved": "https://registry.npmjs.org/@smithy/is-array-buffer/-/is-array-buffer-2.2.0.tgz",
      "integrity": "sha512-GGP3O9QFD24uGeAXYUjwSTXARoqpZykHadOmA8G5vfJPK0/DC67qa//0qvqrJzL1xc8WQWX7/yc7fwudjPHPhA==",
      "dependencies": {
        "tslib": "^2.6.2"
      },
      "engines": {
        "node": ">=14.0.0"
      }
    },
    "node_modules/@smithy/node-http-handler": {
      "version": "4.8.1",
      "resolved": "https://registry.npmjs.org/@smithy/node-http-handler/-/node-http-handler-4.8.1.tgz",
      "integrity": "sha512-emtXvoky671puri18ETf64AFIQUGIEA093F2drXpBgB0OGnBLjcwNR3CA2mYu62IAqNsS56xa5lnTxAgPq7cjw==",
      "dependencies": {
        "@smithy/core": "^3.25.1",
        "@smithy/types": "^4.15.0",
        "tslib": "^2.6.2"
      },
      "engines": {
        "node": ">=18.0.0"
      }
    },
    "node_modules/@smithy/signature-v4": {
      "version": "5.5.1",
      "resolved": "https://registry.npmjs.org/@smithy/signature-v4/-/signature-v4-5.5.1.tgz",
      "integrity": "sha512-X9rVls3En0z3NtrmguTmpRM0/NqtWUxBjal6fcAkwtsub+gOdLZ6kD+V7xhUgFMGdG14bHbZ7M5QjaRI1+DatQ==",
      "dependencies": {
        "@smithy/core": "^3.25.1",
        "@smithy/types": "^4.15.0",
        "tslib": "^2.6.2"
      },
      "engines": {
        "node": ">=18.0.0"
      }
    },
    "node_modules/@smithy/types": {
      "version": "4.15.0",
      "resolved": "https://registry.npmjs.org/@smithy/types/-/types-4.15.0.tgz",
      "integrity": "sha512-Z5TAOxygoFvybJV3igo5SloFflSokHx2hu1eFA+DxDTcn+FtKxUSui+rbTRG1pAafMA888Z3MVvCWUuvCrTXjg==",
      "dependencies": {
        "tslib": "^2.6.2"
      },
      "engines": {
        "node": ">=18.0.0"
      }
    },
    "node_modules/@smithy/util-buffer-from": {
      "version": "2.2.0",
      "resolved": "https://registry.npmjs.org/@smithy/util-buffer-from/-/util-buffer-from-2.2.0.tgz",
      "integrity": "sha512-IJdWBbTcMQ6DA0gdNhh/BwrLkDR+ADW5Kr1aZmd4k3DIF6ezMV4R2NIAmT08wQJ3yUK82thHWmC/TnK/wpMMIA==",
      "dependencies": {
        "@smithy/is-array-buffer": "^2.2.0",
        "tslib": "^2.6.2"
      },
      "engines": {
        "node": ">=14.0.0"
      }
    },
    "node_modules/@smithy/util-utf8": {
      "version": "2.3.0",
      "resolved": "https://registry.npmjs.org/@smithy/util-utf8/-/util-utf8-2.3.0.tgz",
      "integrity": "sha512-R8Rdn8Hy72KKcebgLiv8jQcQkXoLMOGGv5uI1/k0l+snqkOzQ1R0ChUBCxWMlBsFMekWjq0wRudIweFs7sKT5A==",
      "dependencies": {
        "@smithy/util-buffer-from": "^2.2.0",
        "tslib": "^2.6.2"
      },
      "engines": {
        "node": ">=14.0.0"
      }
    },
    "node_modules/@types/aws-lambda": {
      "version": "8.10.162",
      "resolved": "https://registry.npmjs.org/@types/aws-lambda/-/aws-lambda-8.10.162.tgz",
      "integrity": "sha512-Fn658grtLOci1oxi1391vvDWJRKNGWRSqfxRkmN/Iy3c0tQH1USMKEXcPYHLvope+ZgTFocx9FRQJx1muBL6qw==",
      "dev": true
    },
    "node_modules/@types/node": {
      "version": "20.19.43",
      "resolved": "https://registry.npmjs.org/@types/node/-/node-20.19.43.tgz",
      "integrity": "sha512-6oYBAi5ikg4Pl+kGsoYtawUMBT2zZMCvPNF7pVLnHZfd1zf38DRiWn/gT01RYCdUqkv7Fhr+C9ot4/tb+2sVvA==",
      "dev": true,
      "dependencies": {
        "undici-types": "~6.21.0"
      }
    },
    "node_modules/anynum": {
      "version": "1.0.1",
      "resolved": "https://registry.npmjs.org/anynum/-/anynum-1.0.1.tgz",
      "integrity": "sha512-N6//FLET/tXYNM/F6ABca1oH6fWB+KlTt909Le28WMDBk8oaT4vY17DCrwg2MvmuqUKt3Ni4N5dGJ/EoBgcO6A==",
      "funding": [
        {
          "type": "github",
          "url": "https://github.com/sponsors/NaturalIntelligence"
        }
      ]
    },
    "node_modules/bowser": {
      "version": "2.14.1",
      "resolved": "https://registry.npmjs.org/bowser/-/bowser-2.14.1.tgz",
      "integrity": "sha512-tzPjzCxygAKWFOJP011oxFHs57HzIhOEracIgAePE4pqB3LikALKnSzUyU4MGs9/iCEUuHlAJTjTc5M+u7YEGg=="
    },
    "node_modules/fast-xml-builder": {
      "version": "1.2.0",
      "resolved": "https://registry.npmjs.org/fast-xml-builder/-/fast-xml-builder-1.2.0.tgz",
      "integrity": "sha512-00aAWieqff+ZJhsXA4g1g7M8k+7AYoMUUHF+/zFb5U6Uv/P0Vl4QZo84/IcufzYalLuEj9928bXN9PbbFzMF0Q==",
      "funding": [
        {
          "type": "github",
          "url": "https://github.com/sponsors/NaturalIntelligence"
        }
      ],
      "dependencies": {
        "path-expression-matcher": "^1.5.0",
        "xml-naming": "^0.1.0"
      }
    },
    "node_modules/fast-xml-parser": {
      "version": "5.7.3",
      "resolved": "https://registry.npmjs.org/fast-xml-parser/-/fast-xml-parser-5.7.3.tgz",
      "integrity": "sha512-C0AaNuC+mscy6vrAQKAc/rMq+zAPHodfHGZu4sGVehvAQt/JLG1O5zEcYcXSY5zSqr4YVgxsB+pHXTq0i7eDlg==",
      "funding": [
        {
          "type": "github",
          "url": "https://github.com/sponsors/NaturalIntelligence"
        }
      ],
      "dependencies": {
        "@nodable/entities": "^2.1.0",
        "fast-xml-builder": "^1.1.7",
        "path-expression-matcher": "^1.5.0",
        "strnum": "^2.2.3"
      },
      "bin": {
        "fxparser": "src/cli/cli.js"
      }
    },
    "node_modules/mnemonist": {
      "version": "0.38.3",
      "resolved": "https://registry.npmjs.org/mnemonist/-/mnemonist-0.38.3.tgz",
      "integrity": "sha512-2K9QYubXx/NAjv4VLq1d1Ly8pWNC5L3BrixtdkyTegXWJIqY+zLNDhhX/A+ZwWt70tB1S8H4BE8FLYEFyNoOBw==",
      "dependencies": {
        "obliterator": "^1.6.1"
      }
    },
    "node_modules/obliterator": {
      "version": "1.6.1",
      "resolved": "https://registry.npmjs.org/obliterator/-/obliterator-1.6.1.tgz",
      "integrity": "sha512-9WXswnqINnnhOG/5SLimUlzuU1hFJUc8zkwyD59Sd+dPOMf05PmnYG/d6Q7HZ+KmgkZJa1PxRso6QdM3sTNHig=="
    },
    "node_modules/path-expression-matcher": {
      "version": "1.6.0",
      "resolved": "https://registry.npmjs.org/path-expression-matcher/-/path-expression-matcher-1.6.0.tgz",
      "integrity": "sha512-e5y7RCLHKjemsgQ4eqGJtPyr10ILz25HO7flzxhTV8bgvd5yHx98DGtCAtbVW9f2TqnYI/gEVZd+vz7snrdPTw==",
      "funding": [
        {
          "type": "github",
          "url": "https://github.com/sponsors/NaturalIntelligence"
        }
      ],
      "engines": {
        "node": ">=14.0.0"
      }
    },
    "node_modules/strnum": {
      "version": "2.4.1",
      "resolved": "https://registry.npmjs.org/strnum/-/strnum-2.4.1.tgz",
      "integrity": "sha512-M9eUSMT2dCB2cTNPG7UYj6KuK7RJR2SN2+yCV/fTW3xzTCS6EaGZ5pSMgDIjB7r8zSfTGk+dvvn9rTjpVS9Mwg==",
      "funding": [
        {
          "type": "github",
          "url": "https://github.com/sponsors/NaturalIntelligence"
        }
      ],
      "dependencies": {
        "anynum": "^1.0.1"
      }
    },
    "node_modules/tslib": {
      "version": "2.8.1",
      "resolved": "https://registry.npmjs.org/tslib/-/tslib-2.8.1.tgz",
      "integrity": "sha512-oJFu94HQb+KVduSUQL7wnpmqnfmLsOA/nAh6b6EH0wCEoK0/mPeXU6c3wKDV83MkOuHPRHtSXKKU99IBazS/2w=="
    },
    "node_modules/typescript": {
      "version": "5.4.5",
      "resolved": "https://registry.npmjs.org/typescript/-/typescript-5.4.5.tgz",
      "integrity": "sha512-vcI4UpRgg81oIRUFwR0WSIHKt11nJ7SAVlYNIu+QpqeyXP+gpQJy/Z4+F0aGxSE4MqwjyXvW/TzgkLAx2AGHwQ==",
      "dev": true,
      "bin": {
        "tsc": "bin/tsc",
        "tsserver": "bin/tsserver"
      },
      "engines": {
        "node": ">=14.17"
      }
    },
    "node_modules/undici-types": {
      "version": "6.21.0",
      "resolved": "https://registry.npmjs.org/undici-types/-/undici-types-6.21.0.tgz",
      "integrity": "sha512-iwDZqg0QAGrg9Rav5H4n0M64c3mkR59cJ6wQp+7C4nI0gsmExaedaYLNO44eT4AtBBwjbTiGPMlt2Md0T9H9JQ==",
      "dev": true
    },
    "node_modules/xml-naming": {
      "version": "0.1.0",
      "resolved": "https://registry.npmjs.org/xml-naming/-/xml-naming-0.1.0.tgz",
      "integrity": "sha512-k8KO9hrMyNk6tUWqUfkTEZbezRRpONVOzUTnc97VnCvyj6Tf9lyUR9EDAIeiVLv56jsMcoXEwjW8Kv5yPY52lw==",
      "funding": [
        {
          "type": "github",
          "url": "https://github.com/sponsors/NaturalIntelligence"
        }
      ],
      "engines": {
        "node": ">=16.0.0"
      }
    }
  }
}
